PODS:
  - Expecta (1.0.6)
  - Masonry (1.1.0)
  - MBProgressHUD (1.2.0)
  - SDWebImage (5.12.3):
    - SDWebImage/Core (= 5.12.3)
  - SDWebImage/Core (5.12.3)
  - Specta (2.0.0)
  - TUKit (0.2.1):
    - TUKit/Alert (= 0.2.1)
    - TUKit/CollectionView (= 0.2.1)
    - TUKit/Color (= 0.2.1)
    - TUKit/Font (= 0.2.1)
    - TUKit/Image (= 0.2.1)
    - TUKit/ImageView (= 0.2.1)
    - TUKit/Label (= 0.2.1)
    - TUKit/Macro (= 0.2.1)
    - TUKit/TableView (= 0.2.1)
    - TUKit/TextView (= 0.2.1)
    - TUKit/View (= 0.2.1)
    - TUKit/ViewController (= 0.2.1)
  - TUKit/Alert (0.2.1):
    - TUKit/ViewController
  - TUKit/CollectionView (0.2.1):
    - Masonry
  - TUKit/Color (0.2.1)
  - TUKit/Font (0.2.1)
  - TUKit/Image (0.2.1)
  - TUKit/ImageView (0.2.1):
    - SDWebImage
    - TUKit/Color
    - TUKit/Image
  - TUKit/Label (0.2.1)
  - TUKit/Macro (0.2.1)
  - TUKit/TableView (0.2.1):
    - Masonry
  - TUKit/TextView (0.2.1)
  - TUKit/View (0.2.1):
    - Masonry
    - MBProgressHUD
    - TUKit/Color
    - TUKit/Font
  - TUKit/ViewController (0.2.1):
    - TUKit/View

DEPENDENCIES:
  - Expecta
  - Specta
  - TUKit (from `../`)

SPEC REPOS:
  https://github.com/CocoaPods/Specs.git:
    - Expecta
    - Masonry
    - MBProgressHUD
    - SDWebImage
    - Specta

EXTERNAL SOURCES:
  TUKit:
    :path: "../"

SPEC CHECKSUMS:
  Expecta: 3b6bd90a64b9a1dcb0b70aa0e10a7f8f631667d5
  Masonry: 678fab65091a9290e40e2832a55e7ab731aad201
  MBProgressHUD: 3ee5efcc380f6a79a7cc9b363dd669c5e1ae7406
  SDWebImage: 53179a2dba77246efa8a9b85f5c5b21f8f43e38f
  Specta: b79d84043684b35ffdc2680df578dc318ec2efc2
  TUKit: 2b3118d5656a6320f8d484286bbac2b6ebc2239c

PODFILE CHECKSUM: e284d086a4be95e0464643d9d533de6b80706188

COCOAPODS: 1.12.1
