PODS:
  - Expecta (1.0.6)
  - MBProgressHUD (1.2.0)
  - Specta (1.0.7)
  - TUKit (0.1.0):
    - MBProgressHUD
    - TUKit/CollectionView (= 0.1.0)
    - TUKit/Color (= 0.1.0)
    - TUKit/Font (= 0.1.0)
    - TUKit/Image (= 0.1.0)
    - TUKit/Label (= 0.1.0)
    - TUKit/Macro (= 0.1.0)
    - TUKit/TableView (= 0.1.0)
    - TUKit/TextView (= 0.1.0)
    - TUKit/View (= 0.1.0)
    - TUKit/ViewController (= 0.1.0)
  - TUKit/CollectionView (0.1.0):
    - MBProgressHUD
  - TUKit/Color (0.1.0):
    - MBProgressHUD
  - TUKit/Font (0.1.0):
    - MBProgressHUD
  - TUKit/Image (0.1.0):
    - MBProgressHUD
  - TUKit/Label (0.1.0):
    - MBProgressHUD
  - TUKit/Macro (0.1.0):
    - MBProgressHUD
  - TUKit/TableView (0.1.0):
    - MBProgressHUD
  - TUKit/TextView (0.1.0):
    - MBProgressHUD
  - TUKit/View (0.1.0):
    - MBProgressHUD
    - TUKit/Color
    - TUKit/Font
  - TUKit/ViewController (0.1.0):
    - MBProgressHUD
    - TUKit/View

DEPENDENCIES:
  - Expecta
  - Specta
  - TUKit (from `../`)

SPEC REPOS:
  trunk:
    - Expecta
    - MBProgressHUD
    - Specta

EXTERNAL SOURCES:
  TUKit:
    :path: "../"

SPEC CHECKSUMS:
  Expecta: 3b6bd90a64b9a1dcb0b70aa0e10a7f8f631667d5
  MBProgressHUD: 3ee5efcc380f6a79a7cc9b363dd669c5e1ae7406
  Specta: 3e1bd89c3517421982dc4d1c992503e48bd5fe66
  TUKit: 40a72c3a9f9294e348c6f418e74e99f7c56d0e24

PODFILE CHECKSUM: 18889d16754e1f9cb7132aa76459f6c7a31e3954

COCOAPODS: 1.9.1
